
Microsoft Visual Studio Solution File, Format Version 12.00
# Visual Studio 15
VisualStudioVersion = 15.0.27428.2037
MinimumVisualStudioVersion = 10.0.40219.1
Project("{9092AA53-FB77-4645-B42D-1CCCA6BD08BD}") = "ethman-client", "ethman-client\ethman-client.njsproj", "{87D6ED1D-7858-4579-A16B-C6DFE1F15D26}"
EndProject
Global
	GlobalSection(SolutionConfigurationPlatforms) = preSolution
		Debug|Any CPU = Debug|Any CPU
		Release|Any CPU = Release|Any CPU
	EndGlobalSection
	GlobalSection(ProjectConfigurationPlatforms) = postSolution
		{87D6ED1D-7858-4579-A16B-C6DFE1F15D26}.Debug|Any CPU.ActiveCfg = Debug|Any CPU
		{87D6ED1D-7858-4579-A16B-C6DFE1F15D26}.Debug|Any CPU.Build.0 = Debug|Any CPU
		{87D6ED1D-7858-4579-A16B-C6DFE1F15D26}.Release|Any CPU.ActiveCfg = Release|Any CPU
		{87D6ED1D-7858-4579-A16B-C6DFE1F15D26}.Release|Any CPU.Build.0 = Release|Any CPU
	EndGlobalSection
	GlobalSection(SolutionProperties) = preSolution
		HideSolutionNode = FALSE
	EndGlobalSection
	GlobalSection(ExtensibilityGlobals) = postSolution
		SolutionGuid = {8D151D58-501D-4363-9F17-FAF54FF3F1AF}
	EndGlobalSection
EndGlobal
